{
  "nodes": {
    "advisory-db": {
      "flake": false,
      "locked": {
        "lastModified": 1778144201,
        "narHash": "sha256-8D+QpFiD1n1MJ9A4tPAZ4TcXeDDa8j2Btp6yk8B3xHg=",
        "owner": "RustSec",
        "repo": "advisory-db",
        "rev": "881a159d8d70075fe79eb23605e7127a9c2a738a",
        "type": "github"
      },
      "original": {
        "owner": "RustSec",
        "repo": "advisory-db",
        "type": "github"
      }
    },
    "cairn": {
      "inputs": {
        "nixpkgs": [
          "octet",
          "nixpkgs"
        ],
        "slotcar": "slotcar"
      },
      "locked": {
        "lastModified": 1783451492,
        "narHash": "sha256-peDt26MipCBaq6sAu90DsjfJywZu8KTF4WEv1nzR7sI=",
        "owner": "onixresearch",
        "repo": "cairn",
        "rev": "fb1a7403a7897f7fa161e0b3c5d86b4cf19e52f8",
        "type": "github"
      },
      "original": {
        "owner": "onixresearch",
        "repo": "cairn",
        "type": "github"
      }
    },
    "cairn_2": {
      "inputs": {
        "nixpkgs": [
          "octet",
          "cairn",
          "slotcar",
          "nixpkgs"
        ],
        "slotcar": "slotcar_2"
      },
      "locked": {
        "lastModified": 1779500840,
        "narHash": "sha256-tnsP7kS55Druw+k+/ZD+4hd5f0JsLgW8komD6LSCWJ4=",
        "owner": "onixresearch",
        "repo": "cairn",
        "rev": "3c470b9478072fed00234000d5abee07c20eda1c",
        "type": "github"
      },
      "original": {
        "owner": "onixresearch",
        "repo": "cairn",
        "type": "github"
      }
    },
    "cairn_3": {
      "inputs": {
        "nixpkgs": [
          "trellis",
          "octet",
          "nixpkgs"
        ],
        "slotcar": "slotcar_3"
      },
      "locked": {
        "lastModified": 1783451492,
        "narHash": "sha256-peDt26MipCBaq6sAu90DsjfJywZu8KTF4WEv1nzR7sI=",
        "owner": "onixresearch",
        "repo": "cairn",
        "rev": "fb1a7403a7897f7fa161e0b3c5d86b4cf19e52f8",
        "type": "github"
      },
      "original": {
        "owner": "onixresearch",
        "repo": "cairn",
        "type": "github"
      }
    },
    "cairn_4": {
      "inputs": {
        "nixpkgs": [
          "trellis",
          "octet",
          "cairn",
          "slotcar",
          "nixpkgs"
        ],
        "slotcar": "slotcar_4"
      },
      "locked": {
        "lastModified": 1779500840,
        "narHash": "sha256-tnsP7kS55Druw+k+/ZD+4hd5f0JsLgW8komD6LSCWJ4=",
        "owner": "onixresearch",
        "repo": "cairn",
        "rev": "3c470b9478072fed00234000d5abee07c20eda1c",
        "type": "github"
      },
      "original": {
        "owner": "onixresearch",
        "repo": "cairn",
        "type": "github"
      }
    },
    "crane": {
      "locked": {
        "lastModified": 1771121070,
        "narHash": "sha256-aIlv7FRXF9q70DNJPI237dEDAznSKaXmL5lfK/Id/bI=",
        "owner": "ipetkov",
        "repo": "crane",
        "rev": "a2812c19f1ed2e5ed5ce2ef7109798b575c180e1",
        "type": "github"
      },
      "original": {
        "owner": "ipetkov",
        "repo": "crane",
        "type": "github"
      }
    },
    "crane_2": {
      "locked": {
        "lastModified": 1773857772,
        "narHash": "sha256-5xsK26KRHf0WytBtsBnQYC/lTWDhQuT57HJ7SzuqZcM=",
        "owner": "ipetkov",
        "repo": "crane",
        "rev": "b556d7bbae5ff86e378451511873dfd07e4504cd",
        "type": "github"
      },
      "original": {
        "owner": "ipetkov",
        "repo": "crane",
        "type": "github"
      }
    },
    "crane_3": {
      "locked": {
        "lastModified": 1773857772,
        "narHash": "sha256-5xsK26KRHf0WytBtsBnQYC/lTWDhQuT57HJ7SzuqZcM=",
        "owner": "ipetkov",
        "repo": "crane",
        "rev": "b556d7bbae5ff86e378451511873dfd07e4504cd",
        "type": "github"
      },
      "original": {
        "owner": "ipetkov",
        "repo": "crane",
        "type": "github"
      }
    },
    "crane_4": {
      "locked": {
        "lastModified": 1773857772,
        "narHash": "sha256-5xsK26KRHf0WytBtsBnQYC/lTWDhQuT57HJ7SzuqZcM=",
        "owner": "ipetkov",
        "repo": "crane",
        "rev": "b556d7bbae5ff86e378451511873dfd07e4504cd",
        "type": "github"
      },
      "original": {
        "owner": "ipetkov",
        "repo": "crane",
        "type": "github"
      }
    },
    "crane_5": {
      "locked": {
        "lastModified": 1773857772,
        "narHash": "sha256-5xsK26KRHf0WytBtsBnQYC/lTWDhQuT57HJ7SzuqZcM=",
        "owner": "ipetkov",
        "repo": "crane",
        "rev": "b556d7bbae5ff86e378451511873dfd07e4504cd",
        "type": "github"
      },
      "original": {
        "owner": "ipetkov",
        "repo": "crane",
        "type": "github"
      }
    },
    "crane_6": {
      "locked": {
        "lastModified": 1773857772,
        "narHash": "sha256-5xsK26KRHf0WytBtsBnQYC/lTWDhQuT57HJ7SzuqZcM=",
        "owner": "ipetkov",
        "repo": "crane",
        "rev": "b556d7bbae5ff86e378451511873dfd07e4504cd",
        "type": "github"
      },
      "original": {
        "owner": "ipetkov",
        "repo": "crane",
        "type": "github"
      }
    },
    "crane_7": {
      "locked": {
        "lastModified": 1773857772,
        "narHash": "sha256-5xsK26KRHf0WytBtsBnQYC/lTWDhQuT57HJ7SzuqZcM=",
        "owner": "ipetkov",
        "repo": "crane",
        "rev": "b556d7bbae5ff86e378451511873dfd07e4504cd",
        "type": "github"
      },
      "original": {
        "owner": "ipetkov",
        "repo": "crane",
        "type": "github"
      }
    },
    "crane_8": {
      "locked": {
        "lastModified": 1773857772,
        "narHash": "sha256-5xsK26KRHf0WytBtsBnQYC/lTWDhQuT57HJ7SzuqZcM=",
        "owner": "ipetkov",
        "repo": "crane",
        "rev": "b556d7bbae5ff86e378451511873dfd07e4504cd",
        "type": "github"
      },
      "original": {
        "owner": "ipetkov",
        "repo": "crane",
        "type": "github"
      }
    },
    "dylint-src": {
      "flake": false,
      "locked": {
        "lastModified": 1774225669,
        "narHash": "sha256-3OkN9IX1ommW6JZlgOOalz8Zx8tQGNgjaM7LVMYFZVg=",
        "owner": "trailofbits",
        "repo": "dylint",
        "rev": "0e0a71eefe6f01563d11acc6e1d7af1d505934a9",
        "type": "github"
      },
      "original": {
        "owner": "trailofbits",
        "repo": "dylint",
        "rev": "0e0a71eefe6f01563d11acc6e1d7af1d505934a9",
        "type": "github"
      }
    },
    "dylint-src_2": {
      "flake": false,
      "locked": {
        "lastModified": 1774225669,
        "narHash": "sha256-3OkN9IX1ommW6JZlgOOalz8Zx8tQGNgjaM7LVMYFZVg=",
        "owner": "trailofbits",
        "repo": "dylint",
        "rev": "0e0a71eefe6f01563d11acc6e1d7af1d505934a9",
        "type": "github"
      },
      "original": {
        "owner": "trailofbits",
        "repo": "dylint",
        "rev": "0e0a71eefe6f01563d11acc6e1d7af1d505934a9",
        "type": "github"
      }
    },
    "dylint-src_3": {
      "flake": false,
      "locked": {
        "lastModified": 1774225669,
        "narHash": "sha256-3OkN9IX1ommW6JZlgOOalz8Zx8tQGNgjaM7LVMYFZVg=",
        "owner": "trailofbits",
        "repo": "dylint",
        "rev": "0e0a71eefe6f01563d11acc6e1d7af1d505934a9",
        "type": "github"
      },
      "original": {
        "owner": "trailofbits",
        "repo": "dylint",
        "rev": "0e0a71eefe6f01563d11acc6e1d7af1d505934a9",
        "type": "github"
      }
    },
    "dylint-src_4": {
      "flake": false,
      "locked": {
        "lastModified": 1774225669,
        "narHash": "sha256-3OkN9IX1ommW6JZlgOOalz8Zx8tQGNgjaM7LVMYFZVg=",
        "owner": "trailofbits",
        "repo": "dylint",
        "rev": "0e0a71eefe6f01563d11acc6e1d7af1d505934a9",
        "type": "github"
      },
      "original": {
        "owner": "trailofbits",
        "repo": "dylint",
        "rev": "0e0a71eefe6f01563d11acc6e1d7af1d505934a9",
        "type": "github"
      }
    },
    "dylint-src_5": {
      "flake": false,
      "locked": {
        "lastModified": 1774225669,
        "narHash": "sha256-3OkN9IX1ommW6JZlgOOalz8Zx8tQGNgjaM7LVMYFZVg=",
        "owner": "trailofbits",
        "repo": "dylint",
        "rev": "0e0a71eefe6f01563d11acc6e1d7af1d505934a9",
        "type": "github"
      },
      "original": {
        "owner": "trailofbits",
        "repo": "dylint",
        "rev": "0e0a71eefe6f01563d11acc6e1d7af1d505934a9",
        "type": "github"
      }
    },
    "dylint-src_6": {
      "flake": false,
      "locked": {
        "lastModified": 1774225669,
        "narHash": "sha256-3OkN9IX1ommW6JZlgOOalz8Zx8tQGNgjaM7LVMYFZVg=",
        "owner": "trailofbits",
        "repo": "dylint",
        "rev": "0e0a71eefe6f01563d11acc6e1d7af1d505934a9",
        "type": "github"
      },
      "original": {
        "owner": "trailofbits",
        "repo": "dylint",
        "rev": "0e0a71eefe6f01563d11acc6e1d7af1d505934a9",
        "type": "github"
      }
    },
    "flake-utils": {
      "inputs": {
        "systems": "systems"
      },
      "locked": {
        "lastModified": 1731533236,
        "narHash": "sha256-l0KFg5HjrsfsO/JpG+r7fRrqm12kzFHyUHqHCVpMMbI=",
        "owner": "numtide",
        "repo": "flake-utils",
        "rev": "11707dc2f618dd54ca8739b309ec4fc024de578b",
        "type": "github"
      },
      "original": {
        "owner": "numtide",
        "repo": "flake-utils",
        "type": "github"
      }
    },
    "flake-utils_2": {
      "inputs": {
        "systems": "systems_2"
      },
      "locked": {
        "lastModified": 1731533236,
        "narHash": "sha256-l0KFg5HjrsfsO/JpG+r7fRrqm12kzFHyUHqHCVpMMbI=",
        "owner": "numtide",
        "repo": "flake-utils",
        "rev": "11707dc2f618dd54ca8739b309ec4fc024de578b",
        "type": "github"
      },
      "original": {
        "owner": "numtide",
        "repo": "flake-utils",
        "type": "github"
      }
    },
    "flake-utils_3": {
      "inputs": {
        "systems": "systems_3"
      },
      "locked": {
        "lastModified": 1731533236,
        "narHash": "sha256-l0KFg5HjrsfsO/JpG+r7fRrqm12kzFHyUHqHCVpMMbI=",
        "owner": "numtide",
        "repo": "flake-utils",
        "rev": "11707dc2f618dd54ca8739b309ec4fc024de578b",
        "type": "github"
      },
      "original": {
        "owner": "numtide",
        "repo": "flake-utils",
        "type": "github"
      }
    },
    "flake-utils_4": {
      "inputs": {
        "systems": "systems_4"
      },
      "locked": {
        "lastModified": 1731533236,
        "narHash": "sha256-l0KFg5HjrsfsO/JpG+r7fRrqm12kzFHyUHqHCVpMMbI=",
        "owner": "numtide",
        "repo": "flake-utils",
        "rev": "11707dc2f618dd54ca8739b309ec4fc024de578b",
        "type": "github"
      },
      "original": {
        "owner": "numtide",
        "repo": "flake-utils",
        "type": "github"
      }
    },
    "flake-utils_5": {
      "inputs": {
        "systems": "systems_5"
      },
      "locked": {
        "lastModified": 1731533236,
        "narHash": "sha256-l0KFg5HjrsfsO/JpG+r7fRrqm12kzFHyUHqHCVpMMbI=",
        "owner": "numtide",
        "repo": "flake-utils",
        "rev": "11707dc2f618dd54ca8739b309ec4fc024de578b",
        "type": "github"
      },
      "original": {
        "owner": "numtide",
        "repo": "flake-utils",
        "type": "github"
      }
    },
    "flake-utils_6": {
      "inputs": {
        "systems": "systems_6"
      },
      "locked": {
        "lastModified": 1731533236,
        "narHash": "sha256-l0KFg5HjrsfsO/JpG+r7fRrqm12kzFHyUHqHCVpMMbI=",
        "owner": "numtide",
        "repo": "flake-utils",
        "rev": "11707dc2f618dd54ca8739b309ec4fc024de578b",
        "type": "github"
      },
      "original": {
        "owner": "numtide",
        "repo": "flake-utils",
        "type": "github"
      }
    },
    "flake-utils_7": {
      "inputs": {
        "systems": "systems_7"
      },
      "locked": {
        "lastModified": 1731533236,
        "narHash": "sha256-l0KFg5HjrsfsO/JpG+r7fRrqm12kzFHyUHqHCVpMMbI=",
        "owner": "numtide",
        "repo": "flake-utils",
        "rev": "11707dc2f618dd54ca8739b309ec4fc024de578b",
        "type": "github"
      },
      "original": {
        "owner": "numtide",
        "repo": "flake-utils",
        "type": "github"
      }
    },
    "flake-utils_8": {
      "inputs": {
        "systems": "systems_8"
      },
      "locked": {
        "lastModified": 1731533236,
        "narHash": "sha256-l0KFg5HjrsfsO/JpG+r7fRrqm12kzFHyUHqHCVpMMbI=",
        "owner": "numtide",
        "repo": "flake-utils",
        "rev": "11707dc2f618dd54ca8739b309ec4fc024de578b",
        "type": "github"
      },
      "original": {
        "owner": "numtide",
        "repo": "flake-utils",
        "type": "github"
      }
    },
    "mantle": {
      "inputs": {
        "crane": [
          "crane"
        ],
        "flake-utils": "flake-utils",
        "nickelExportCore": "nickelExportCore",
        "nixpkgs": "nixpkgs",
        "octet": [
          "octet"
        ],
        "onix-nixpkgs": "onix-nixpkgs",
        "rust-overlay": "rust-overlay",
        "tigerstyle": [
          "octet"
        ],
        "wasi-virt": "wasi-virt"
      },
      "locked": {
        "lastModified": 1784115439,
        "narHash": "sha256-awXD2KtzpGYHA6h6bdgFLDcPmwZpMQFGj4u7XwnHkG0=",
        "owner": "OnixResearch",
        "repo": "mantle",
        "rev": "a141fcbaafe41f9a413a81275a33fe915bfca370",
        "type": "github"
      },
      "original": {
        "owner": "OnixResearch",
        "repo": "mantle",
        "rev": "a141fcbaafe41f9a413a81275a33fe915bfca370",
        "type": "github"
      }
    },
    "nickelExportCore": {
      "flake": false,
      "locked": {
        "lastModified": 1783990479,
        "narHash": "sha256-dV4+/jghpJ89F5DHprdjxyru8kllMAurS2DsBGn/ibA=",
        "owner": "OnixResearch",
        "repo": "nickel-export",
        "rev": "257fafc1c746f1faf156207043a4c826bfb16d49",
        "type": "github"
      },
      "original": {
        "owner": "OnixResearch",
        "repo": "nickel-export",
        "rev": "257fafc1c746f1faf156207043a4c826bfb16d49",
        "type": "github"
      }
    },
    "nixpkgs": {
      "locked": {
        "lastModified": 1775579569,
        "narHash": "sha256-/m3yyS/EnXqoPGBJYVy4jTOsirdgsEZ3JdN2gGkBr14=",
        "owner": "NixOS",
        "repo": "nixpkgs",
        "rev": "dfd9566f82a6e1d55c30f861879186440614696e",
        "type": "github"
      },
      "original": {
        "owner": "NixOS",
        "ref": "nixpkgs-unstable",
        "repo": "nixpkgs",
        "type": "github"
      }
    },
    "nixpkgs_2": {
      "locked": {
        "lastModified": 1771008912,
        "narHash": "sha256-gf2AmWVTs8lEq7z/3ZAsgnZDhWIckkb+ZnAo5RzSxJg=",
        "owner": "NixOS",
        "repo": "nixpkgs",
        "rev": "a82ccc39b39b621151d6732718e3e250109076fa",
        "type": "github"
      },
      "original": {
        "owner": "NixOS",
        "ref": "nixos-unstable",
        "repo": "nixpkgs",
        "type": "github"
      }
    },
    "nixpkgs_3": {
      "locked": {
        "lastModified": 1773840656,
        "narHash": "sha256-9tpvMGFteZnd3gRQZFlRCohVpqooygFuy9yjuyRL2C0=",
        "owner": "NixOS",
        "repo": "nixpkgs",
        "rev": "9cf7092bdd603554bd8b63c216e8943cf9b12512",
        "type": "github"
      },
      "original": {
        "owner": "NixOS",
        "ref": "nixpkgs-unstable",
        "repo": "nixpkgs",
        "type": "github"
      }
    },
    "nixpkgs_4": {
      "locked": {
        "lastModified": 1773840656,
        "narHash": "sha256-9tpvMGFteZnd3gRQZFlRCohVpqooygFuy9yjuyRL2C0=",
        "owner": "NixOS",
        "repo": "nixpkgs",
        "rev": "9cf7092bdd603554bd8b63c216e8943cf9b12512",
        "type": "github"
      },
      "original": {
        "owner": "NixOS",
        "ref": "nixpkgs-unstable",
        "repo": "nixpkgs",
        "type": "github"
      }
    },
    "nixpkgs_5": {
      "locked": {
        "lastModified": 1773840656,
        "narHash": "sha256-9tpvMGFteZnd3gRQZFlRCohVpqooygFuy9yjuyRL2C0=",
        "owner": "NixOS",
        "repo": "nixpkgs",
        "rev": "9cf7092bdd603554bd8b63c216e8943cf9b12512",
        "type": "github"
      },
      "original": {
        "owner": "NixOS",
        "ref": "nixpkgs-unstable",
        "repo": "nixpkgs",
        "type": "github"
      }
    },
    "nixpkgs_6": {
      "locked": {
        "lastModified": 1773840656,
        "narHash": "sha256-9tpvMGFteZnd3gRQZFlRCohVpqooygFuy9yjuyRL2C0=",
        "owner": "NixOS",
        "repo": "nixpkgs",
        "rev": "9cf7092bdd603554bd8b63c216e8943cf9b12512",
        "type": "github"
      },
      "original": {
        "owner": "NixOS",
        "ref": "nixpkgs-unstable",
        "repo": "nixpkgs",
        "type": "github"
      }
    },
    "nixpkgs_7": {
      "locked": {
        "lastModified": 1773840656,
        "narHash": "sha256-9tpvMGFteZnd3gRQZFlRCohVpqooygFuy9yjuyRL2C0=",
        "owner": "NixOS",
        "repo": "nixpkgs",
        "rev": "9cf7092bdd603554bd8b63c216e8943cf9b12512",
        "type": "github"
      },
      "original": {
        "owner": "NixOS",
        "ref": "nixpkgs-unstable",
        "repo": "nixpkgs",
        "type": "github"
      }
    },
    "nixpkgs_8": {
      "locked": {
        "lastModified": 1773840656,
        "narHash": "sha256-9tpvMGFteZnd3gRQZFlRCohVpqooygFuy9yjuyRL2C0=",
        "owner": "NixOS",
        "repo": "nixpkgs",
        "rev": "9cf7092bdd603554bd8b63c216e8943cf9b12512",
        "type": "github"
      },
      "original": {
        "owner": "NixOS",
        "ref": "nixpkgs-unstable",
        "repo": "nixpkgs",
        "type": "github"
      }
    },
    "nixpkgs_9": {
      "locked": {
        "lastModified": 1773840656,
        "narHash": "sha256-9tpvMGFteZnd3gRQZFlRCohVpqooygFuy9yjuyRL2C0=",
        "owner": "NixOS",
        "repo": "nixpkgs",
        "rev": "9cf7092bdd603554bd8b63c216e8943cf9b12512",
        "type": "github"
      },
      "original": {
        "owner": "NixOS",
        "ref": "nixpkgs-unstable",
        "repo": "nixpkgs",
        "type": "github"
      }
    },
    "octet": {
      "inputs": {
        "cairn": "cairn",
        "crane": "crane_4",
        "dylint-src": "dylint-src_3",
        "flake-utils": "flake-utils_4",
        "nixpkgs": "nixpkgs_5",
        "rust-overlay": "rust-overlay_4"
      },
      "locked": {
        "lastModified": 1783544280,
        "narHash": "sha256-WekhhPZd6ow+qhSJwd1xbCQXe+EIwuTSC8YtvRU+7co=",
        "ref": "refs/heads/main",
        "rev": "9c7ba87bef2934d2b7b144167e13c8d18eac8958",
        "revCount": 429,
        "type": "git",
        "url": "file:../octet"
      },
      "original": {
        "ref": "refs/heads/main",
        "rev": "9c7ba87bef2934d2b7b144167e13c8d18eac8958",
        "type": "git",
        "url": "file:../octet"
      }
    },
    "octet_2": {
      "inputs": {
        "cairn": "cairn_3",
        "crane": "crane_8",
        "dylint-src": "dylint-src_6",
        "flake-utils": "flake-utils_8",
        "nixpkgs": "nixpkgs_9",
        "rust-overlay": "rust-overlay_8"
      },
      "locked": {
        "lastModified": 1783451639,
        "narHash": "sha256-XJOG+iGHnYXxlrHY6WwvOnBaGZc9jLNhOokcPCe/M7c=",
        "ref": "refs/heads/main",
        "rev": "09b2d863adf0b88b905f0ca62abf3e297e4988fa",
        "revCount": 421,
        "type": "git",
        "url": "ssh://git@github.com/OnixResearch/octet.git"
      },
      "original": {
        "type": "git",
        "url": "ssh://git@github.com/OnixResearch/octet.git"
      }
    },
    "onix-nixpkgs": {
      "locked": {
        "lastModified": 1775036866,
        "narHash": "sha256-ZojAnPuCdy657PbTq5V0Y+AHKhZAIwSIT2cb8UgAz/U=",
        "owner": "NixOS",
        "repo": "nixpkgs",
        "rev": "6201e203d09599479a3b3450ed24fa81537ebc4e",
        "type": "github"
      },
      "original": {
        "owner": "NixOS",
        "repo": "nixpkgs",
        "rev": "6201e203d09599479a3b3450ed24fa81537ebc4e",
        "type": "github"
      }
    },
    "root": {
      "inputs": {
        "advisory-db": "advisory-db",
        "crane": "crane",
        "mantle": "mantle",
        "nixpkgs": "nixpkgs_2",
        "octet": "octet",
        "rust-overlay": "rust-overlay_5",
        "trellis": "trellis"
      }
    },
    "rust-overlay": {
      "inputs": {
        "nixpkgs": [
          "mantle",
          "nixpkgs"
        ]
      },
      "locked": {
        "lastModified": 1775617983,
        "narHash": "sha256-2NWGA/I4j/qlx6qbg86QvJiK1/GyH9gnf0hFiARWVwE=",
        "owner": "oxalica",
        "repo": "rust-overlay",
        "rev": "d98b91b1feae7ef07fa2ccb3aa3f83f11abfae54",
        "type": "github"
      },
      "original": {
        "owner": "oxalica",
        "repo": "rust-overlay",
        "type": "github"
      }
    },
    "rust-overlay_2": {
      "inputs": {
        "nixpkgs": [
          "octet",
          "cairn",
          "slotcar",
          "cairn",
          "slotcar",
          "nixpkgs"
        ]
      },
      "locked": {
        "lastModified": 1774235565,
        "narHash": "sha256-D8OOwvq3zDDCtIhMcNueb9tGSZaZUanKpWDleRgQ80U=",
        "owner": "oxalica",
        "repo": "rust-overlay",
        "rev": "dc00324a2438762582b49954373112b8eab29cab",
        "type": "github"
      },
      "original": {
        "owner": "oxalica",
        "repo": "rust-overlay",
        "type": "github"
      }
    },
    "rust-overlay_3": {
      "inputs": {
        "nixpkgs": [
          "octet",
          "cairn",
          "slotcar",
          "nixpkgs"
        ]
      },
      "locked": {
        "lastModified": 1774235565,
        "narHash": "sha256-D8OOwvq3zDDCtIhMcNueb9tGSZaZUanKpWDleRgQ80U=",
        "owner": "oxalica",
        "repo": "rust-overlay",
        "rev": "dc00324a2438762582b49954373112b8eab29cab",
        "type": "github"
      },
      "original": {
        "owner": "oxalica",
        "repo": "rust-overlay",
        "type": "github"
      }
    },
    "rust-overlay_4": {
      "inputs": {
        "nixpkgs": [
          "octet",
          "nixpkgs"
        ]
      },
      "locked": {
        "lastModified": 1774235565,
        "narHash": "sha256-D8OOwvq3zDDCtIhMcNueb9tGSZaZUanKpWDleRgQ80U=",
        "owner": "oxalica",
        "repo": "rust-overlay",
        "rev": "dc00324a2438762582b49954373112b8eab29cab",
        "type": "github"
      },
      "original": {
        "owner": "oxalica",
        "repo": "rust-overlay",
        "type": "github"
      }
    },
    "rust-overlay_5": {
      "inputs": {
        "nixpkgs": [
          "nixpkgs"
        ]
      },
      "locked": {
        "lastModified": 1787367552,
        "narHash": "sha256-YT4Fs2k7bi+7YzuLt93EtIRgjpwHK5ZfsQEIh5dEQSk=",
        "owner": "oxalica",
        "repo": "rust-overlay",
        "rev": "fd2ebb9cc4323d0c5a1336138dab5c3c5a5d8bd9",
        "type": "github"
      },
      "original": {
        "owner": "oxalica",
        "repo": "rust-overlay",
        "type": "github"
      }
    },
    "rust-overlay_6": {
      "inputs": {
        "nixpkgs": [
          "trellis",
          "octet",
          "cairn",
          "slotcar",
          "cairn",
          "slotcar",
          "nixpkgs"
        ]
      },
      "locked": {
        "lastModified": 1774235565,
        "narHash": "sha256-D8OOwvq3zDDCtIhMcNueb9tGSZaZUanKpWDleRgQ80U=",
        "owner": "oxalica",
        "repo": "rust-overlay",
        "rev": "dc00324a2438762582b49954373112b8eab29cab",
        "type": "github"
      },
      "original": {
        "owner": "oxalica",
        "repo": "rust-overlay",
        "type": "github"
      }
    },
    "rust-overlay_7": {
      "inputs": {
        "nixpkgs": [
          "trellis",
          "octet",
          "cairn",
          "slotcar",
          "nixpkgs"
        ]
      },
      "locked": {
        "lastModified": 1774235565,
        "narHash": "sha256-D8OOwvq3zDDCtIhMcNueb9tGSZaZUanKpWDleRgQ80U=",
        "owner": "oxalica",
        "repo": "rust-overlay",
        "rev": "dc00324a2438762582b49954373112b8eab29cab",
        "type": "github"
      },
      "original": {
        "owner": "oxalica",
        "repo": "rust-overlay",
        "type": "github"
      }
    },
    "rust-overlay_8": {
      "inputs": {
        "nixpkgs": [
          "trellis",
          "octet",
          "nixpkgs"
        ]
      },
      "locked": {
        "lastModified": 1774235565,
        "narHash": "sha256-D8OOwvq3zDDCtIhMcNueb9tGSZaZUanKpWDleRgQ80U=",
        "owner": "oxalica",
        "repo": "rust-overlay",
        "rev": "dc00324a2438762582b49954373112b8eab29cab",
        "type": "github"
      },
      "original": {
        "owner": "oxalica",
        "repo": "rust-overlay",
        "type": "github"
      }
    },
    "rust-overlay_9": {
      "inputs": {
        "nixpkgs": [
          "trellis",
          "nixpkgs"
        ]
      },
      "locked": {
        "lastModified": 1774062094,
        "narHash": "sha256-ba3c+hS7KzEiwtZRGHagIAYdcmdY3rCSWVCyn64rx7s=",
        "owner": "oxalica",
        "repo": "rust-overlay",
        "rev": "c807e83cc2e32adc35f51138b3bdef722c0812ab",
        "type": "github"
      },
      "original": {
        "owner": "oxalica",
        "repo": "rust-overlay",
        "type": "github"
      }
    },
    "slotcar": {
      "inputs": {
        "cairn": "cairn_2",
        "crane": "crane_3",
        "dylint-src": "dylint-src_2",
        "flake-utils": "flake-utils_3",
        "nixpkgs": "nixpkgs_4",
        "rust-overlay": "rust-overlay_3"
      },
      "locked": {
        "lastModified": 1783449144,
        "narHash": "sha256-OvqB00mDIsGDOcuK5jvPJUModVz9WbIBuM/l06TABHc=",
        "owner": "OnixResearch",
        "repo": "slotcar",
        "rev": "2f8213a88781d9d38bb81319d06a50805d48ccd3",
        "type": "github"
      },
      "original": {
        "owner": "OnixResearch",
        "repo": "slotcar",
        "type": "github"
      }
    },
    "slotcar_2": {
      "inputs": {
        "crane": "crane_2",
        "dylint-src": "dylint-src",
        "flake-utils": "flake-utils_2",
        "nixpkgs": "nixpkgs_3",
        "rust-overlay": "rust-overlay_2"
      },
      "locked": {
        "lastModified": 1778903772,
        "narHash": "sha256-8F7g650MFMXm5zyOBadWg0pOHxXccDgwbOVUZYLwwkQ=",
        "owner": "onixresearch",
        "repo": "slotcar",
        "rev": "b18a547801dfebaa5ee3e748e3ebefed1a66cb17",
        "type": "github"
      },
      "original": {
        "owner": "onixresearch",
        "repo": "slotcar",
        "type": "github"
      }
    },
    "slotcar_3": {
      "inputs": {
        "cairn": "cairn_4",
        "crane": "crane_7",
        "dylint-src": "dylint-src_5",
        "flake-utils": "flake-utils_7",
        "nixpkgs": "nixpkgs_8",
        "rust-overlay": "rust-overlay_7"
      },
      "locked": {
        "lastModified": 1783449144,
        "narHash": "sha256-OvqB00mDIsGDOcuK5jvPJUModVz9WbIBuM/l06TABHc=",
        "owner": "OnixResearch",
        "repo": "slotcar",
        "rev": "2f8213a88781d9d38bb81319d06a50805d48ccd3",
        "type": "github"
      },
      "original": {
        "owner": "OnixResearch",
        "repo": "slotcar",
        "type": "github"
      }
    },
    "slotcar_4": {
      "inputs": {
        "crane": "crane_6",
        "dylint-src": "dylint-src_4",
        "flake-utils": "flake-utils_6",
        "nixpkgs": "nixpkgs_7",
        "rust-overlay": "rust-overlay_6"
      },
      "locked": {
        "lastModified": 1778903772,
        "narHash": "sha256-8F7g650MFMXm5zyOBadWg0pOHxXccDgwbOVUZYLwwkQ=",
        "owner": "onixresearch",
        "repo": "slotcar",
        "rev": "b18a547801dfebaa5ee3e748e3ebefed1a66cb17",
        "type": "github"
      },
      "original": {
        "owner": "onixresearch",
        "repo": "slotcar",
        "type": "github"
      }
    },
    "systems": {
      "locked": {
        "lastModified": 1681028828,
        "narHash": "sha256-Vy1rq5AaRuLzOxct8nz4T6wlgyUR7zLU309k9mBC768=",
        "owner": "nix-systems",
        "repo": "default",
        "rev": "da67096a3b9bf56a91d16901293e51ba5b49a27e",
        "type": "github"
      },
      "original": {
        "owner": "nix-systems",
        "repo": "default",
        "type": "github"
      }
    },
    "systems_2": {
      "locked": {
        "lastModified": 1681028828,
        "narHash": "sha256-Vy1rq5AaRuLzOxct8nz4T6wlgyUR7zLU309k9mBC768=",
        "owner": "nix-systems",
        "repo": "default",
        "rev": "da67096a3b9bf56a91d16901293e51ba5b49a27e",
        "type": "github"
      },
      "original": {
        "owner": "nix-systems",
        "repo": "default",
        "type": "github"
      }
    },
    "systems_3": {
      "locked": {
        "lastModified": 1681028828,
        "narHash": "sha256-Vy1rq5AaRuLzOxct8nz4T6wlgyUR7zLU309k9mBC768=",
        "owner": "nix-systems",
        "repo": "default",
        "rev": "da67096a3b9bf56a91d16901293e51ba5b49a27e",
        "type": "github"
      },
      "original": {
        "owner": "nix-systems",
        "repo": "default",
        "type": "github"
      }
    },
    "systems_4": {
      "locked": {
        "lastModified": 1681028828,
        "narHash": "sha256-Vy1rq5AaRuLzOxct8nz4T6wlgyUR7zLU309k9mBC768=",
        "owner": "nix-systems",
        "repo": "default",
        "rev": "da67096a3b9bf56a91d16901293e51ba5b49a27e",
        "type": "github"
      },
      "original": {
        "owner": "nix-systems",
        "repo": "default",
        "type": "github"
      }
    },
    "systems_5": {
      "locked": {
        "lastModified": 1681028828,
        "narHash": "sha256-Vy1rq5AaRuLzOxct8nz4T6wlgyUR7zLU309k9mBC768=",
        "owner": "nix-systems",
        "repo": "default",
        "rev": "da67096a3b9bf56a91d16901293e51ba5b49a27e",
        "type": "github"
      },
      "original": {
        "owner": "nix-systems",
        "repo": "default",
        "type": "github"
      }
    },
    "systems_6": {
      "locked": {
        "lastModified": 1681028828,
        "narHash": "sha256-Vy1rq5AaRuLzOxct8nz4T6wlgyUR7zLU309k9mBC768=",
        "owner": "nix-systems",
        "repo": "default",
        "rev": "da67096a3b9bf56a91d16901293e51ba5b49a27e",
        "type": "github"
      },
      "original": {
        "owner": "nix-systems",
        "repo": "default",
        "type": "github"
      }
    },
    "systems_7": {
      "locked": {
        "lastModified": 1681028828,
        "narHash": "sha256-Vy1rq5AaRuLzOxct8nz4T6wlgyUR7zLU309k9mBC768=",
        "owner": "nix-systems",
        "repo": "default",
        "rev": "da67096a3b9bf56a91d16901293e51ba5b49a27e",
        "type": "github"
      },
      "original": {
        "owner": "nix-systems",
        "repo": "default",
        "type": "github"
      }
    },
    "systems_8": {
      "locked": {
        "lastModified": 1681028828,
        "narHash": "sha256-Vy1rq5AaRuLzOxct8nz4T6wlgyUR7zLU309k9mBC768=",
        "owner": "nix-systems",
        "repo": "default",
        "rev": "da67096a3b9bf56a91d16901293e51ba5b49a27e",
        "type": "github"
      },
      "original": {
        "owner": "nix-systems",
        "repo": "default",
        "type": "github"
      }
    },
    "trellis": {
      "inputs": {
        "crane": "crane_5",
        "flake-utils": "flake-utils_5",
        "nixpkgs": "nixpkgs_6",
        "octet": "octet_2",
        "rust-overlay": "rust-overlay_9"
      },
      "locked": {
        "lastModified": 1783549807,
        "narHash": "sha256-2PL9pV9a6//ya3EKRlgStcP/Ibo4Pt0SXeD4XiZjAQA=",
        "ref": "refs/heads/main",
        "rev": "46ab2d92b9cfd2cfc4e631a56f3e667ee7263685",
        "revCount": 723,
        "type": "git",
        "url": "file:../trellis"
      },
      "original": {
        "ref": "refs/heads/main",
        "rev": "46ab2d92b9cfd2cfc4e631a56f3e667ee7263685",
        "type": "git",
        "url": "file:../trellis"
      }
    },
    "wasi-virt": {
      "flake": false,
      "locked": {
        "lastModified": 1760537237,
        "narHash": "sha256-dj9FN941ejZXfbHsC2rxs7/2LSUeKQEf545aZ0QkEdI=",
        "owner": "bytecodealliance",
        "repo": "wasi-virt",
        "rev": "19b174a3244f81ed9b91e067b6901f71665316a8",
        "type": "github"
      },
      "original": {
        "owner": "bytecodealliance",
        "repo": "wasi-virt",
        "rev": "19b174a3244f81ed9b91e067b6901f71665316a8",
        "type": "github"
      }
    }
  },
  "root": "root",
  "version": 7
}
